// !$*UTF8*$!
{
	archiveVersion = 1;
	classes = {
	};
	objectVersion = 55;
	objects = {

/* Begin PBXBuildFile section */
		8461939B2FD9C67B00642AD1 /* FolderListView.swift in Sources */ = {isa = PBXBuildFile; fileRef = 8461939A2FD9C67B00642AD1 /* FolderListView.swift */; };
		8461939D2FD9C93C00642AD1 /* FolderFormView.swift in Sources */ = {isa = PBXBuildFile; fileRef = 8461939C2FD9C93C00642AD1 /* FolderFormView.swift */; };
		8461939F2FD9D7F800642AD1 /* PostFormViewModel.swift in Sources */ = {isa = PBXBuildFile; fileRef = 8461939E2FD9D7F800642AD1 /* PostFormViewModel.swift */; };
		846193A22FD9DC3500642AD1 /* PostService.swift in Sources */ = {isa = PBXBuildFile; fileRef = 846193A12FD9DC3500642AD1 /* PostService.swift */; };
		846193A42FD9DCEF00642AD1 /* FolderService.swift in Sources */ = {isa = PBXBuildFile; fileRef = 846193A32FD9DCEF00642AD1 /* FolderService.swift */; };
		846193A62FD9EBBA00642AD1 /* WeekCalendarView.swift in Sources */ = {isa = PBXBuildFile; fileRef = 846193A52FD9EBBA00642AD1 /* WeekCalendarView.swift */; };
		846193A82FD9EC7400642AD1 /* FolderFormViewModel.swift in Sources */ = {isa = PBXBuildFile; fileRef = 846193A72FD9EC7400642AD1 /* FolderFormViewModel.swift */; };
		846193AB2FD9ED0E00642AD1 /* AgenticAction.swift in Sources */ = {isa = PBXBuildFile; fileRef = 846193AA2FD9ED0E00642AD1 /* AgenticAction.swift */; };
		846193AD2FD9ED1B00642AD1 /* AgenticService.swift in Sources */ = {isa = PBXBuildFile; fileRef = 846193AC2FD9ED1B00642AD1 /* AgenticService.swift */; };
		846193AF2FD9F01A00642AD1 /* HomeView.swift in Sources */ = {isa = PBXBuildFile; fileRef = 846193AE2FD9F01A00642AD1 /* HomeView.swift */; };
		846193B12FD9F03E00642AD1 /* ProjectView.swift in Sources */ = {isa = PBXBuildFile; fileRef = 846193B02FD9F03E00642AD1 /* ProjectView.swift */; };
		846193B32FD9F60B00642AD1 /* PostListView.swift in Sources */ = {isa = PBXBuildFile; fileRef = 846193B22FD9F60B00642AD1 /* PostListView.swift */; };
		846193B52FD9F6C800642AD1 /* NewPostView.swift in Sources */ = {isa = PBXBuildFile; fileRef = 846193B42FD9F6C800642AD1 /* NewPostView.swift */; };
		8492EF792FD8A33D0053B995 /* FourCreators.xcdatamodeld in Sources */ = {isa = PBXBuildFile; fileRef = 8492EF772FD8A33D0053B995 /* FourCreators.xcdatamodeld */; };
		8492EF7B2FD8AB260053B995 /* PersistenceController.swift in Sources */ = {isa = PBXBuildFile; fileRef = 8492EF7A2FD8AB260053B995 /* PersistenceController.swift */; };
		8492EF7D2FD8B78D0053B995 /* Plataform.swift in Sources */ = {isa = PBXBuildFile; fileRef = 8492EF7C2FD8B78D0053B995 /* Plataform.swift */; };
		8492EF7F2FD8B90C0053B995 /* PostStatus.swift in Sources */ = {isa = PBXBuildFile; fileRef = 8492EF7E2FD8B90C0053B995 /* PostStatus.swift */; };
		8492EF812FD8BDFF0053B995 /* CreatePostView.swift in Sources */ = {isa = PBXBuildFile; fileRef = 8492EF802FD8BDFF0053B995 /* CreatePostView.swift */; };
		9FAA74CC2FD90B8600AC806E /* CreatorsApp.swift in Sources */ = {isa = PBXBuildFile; fileRef = 9FAA74CB2FD90B8600AC806E /* CreatorsApp.swift */; };
		9FAA74CE2FD90B8600AC806E /* ContentView.swift in Sources */ = {isa = PBXBuildFile; fileRef = 9FAA74CD2FD90B8600AC806E /* ContentView.swift */; };
		9FAA74D02FD90B8900AC806E /* Assets.xcassets in Resources */ = {isa = PBXBuildFile; fileRef = 9FAA74CF2FD90B8900AC806E /* Assets.xcassets */; };
		9FAA74D32FD90B8900AC806E /* Preview Assets.xcassets in Resources */ = {isa = PBXBuildFile; fileRef = 9FAA74D22FD90B8900AC806E /* Preview Assets.xcassets */; };
/* End PBXBuildFile section */

/* Begin PBXFileReference section */
		8461939A2FD9C67B00642AD1 /* FolderListView.swift */ = {isa = PBXFileReference; lastKnownFileType = sourcecode.swift; path = FolderListView.swift; sourceTree = "<group>"; };
		8461939C2FD9C93C00642AD1 /* FolderFormView.swift */ = {isa = PBXFileReference; lastKnownFileType = sourcecode.swift; path = FolderFormView.swift; sourceTree = "<group>"; };
		8461939E2FD9D7F800642AD1 /* PostFormViewModel.swift */ = {isa = PBXFileReference; lastKnownFileType = sourcecode.swift; path = PostFormViewModel.swift; sourceTree = "<group>"; };
		846193A12FD9DC3500642AD1 /* PostService.swift */ = {isa = PBXFileReference; lastKnownFileType = sourcecode.swift; path = PostService.swift; sourceTree = "<group>"; };
		846193A32FD9DCEF00642AD1 /* FolderService.swift */ = {isa = PBXFileReference; lastKnownFileType = sourcecode.swift; path = FolderService.swift; sourceTree = "<group>"; };
		846193A52FD9EBBA00642AD1 /* WeekCalendarView.swift */ = {isa = PBXFileReference; lastKnownFileType = sourcecode.swift; path = WeekCalendarView.swift; sourceTree = "<group>"; };
		846193A72FD9EC7400642AD1 /* FolderFormViewModel.swift */ = {isa = PBXFileReference; lastKnownFileType = sourcecode.swift; path = FolderFormViewModel.swift; sourceTree = "<group>"; };
		846193AA2FD9ED0E00642AD1 /* AgenticAction.swift */ = {isa = PBXFileReference; lastKnownFileType = sourcecode.swift; path = AgenticAction.swift; sourceTree = "<group>"; };
		846193AC2FD9ED1B00642AD1 /* AgenticService.swift */ = {isa = PBXFileReference; lastKnownFileType = sourcecode.swift; path = AgenticService.swift; sourceTree = "<group>"; };
		846193AE2FD9F01A00642AD1 /* HomeView.swift */ = {isa = PBXFileReference; lastKnownFileType = sourcecode.swift; path = HomeView.swift; sourceTree = "<group>"; };
		846193B02FD9F03E00642AD1 /* ProjectView.swift */ = {isa = PBXFileReference; lastKnownFileType = sourcecode.swift; path = ProjectView.swift; sourceTree = "<group>"; };
		846193B22FD9F60B00642AD1 /* PostListView.swift */ = {isa = PBXFileReference; lastKnownFileType = sourcecode.swift; path = PostListView.swift; sourceTree = "<group>"; };
		846193B42FD9F6C800642AD1 /* NewPostView.swift */ = {isa = PBXFileReference; lastKnownFileType = sourcecode.swift; path = NewPostView.swift; sourceTree = "<group>"; };
		8492EF782FD8A33D0053B995 /* FourCreators.xcdatamodel */ = {isa = PBXFileReference; lastKnownFileType = wrapper.xcdatamodel; path = FourCreators.xcdatamodel; sourceTree = "<group>"; };
		8492EF7A2FD8AB260053B995 /* PersistenceController.swift */ = {isa = PBXFileReference; lastKnownFileType = sourcecode.swift; path = PersistenceController.swift; sourceTree = "<group>"; };
		8492EF7C2FD8B78D0053B995 /* Plataform.swift */ = {isa = PBXFileReference; lastKnownFileType = sourcecode.swift; path = Plataform.swift; sourceTree = "<group>"; };
		8492EF7E2FD8B90C0053B995 /* PostStatus.swift */ = {isa = PBXFileReference; lastKnownFileType = sourcecode.swift; path = PostStatus.swift; sourceTree = "<group>"; };
		8492EF802FD8BDFF0053B995 /* CreatePostView.swift */ = {isa = PBXFileReference; lastKnownFileType = sourcecode.swift; path = CreatePostView.swift; sourceTree = "<group>"; };
		9FAA74C82FD90B8600AC806E /* Creators.app */ = {isa = PBXFileReference; explicitFileType = wrapper.application; includeInIndex = 0; path = Creators.app; sourceTree = BUILT_PRODUCTS_DIR; };
		9FAA74CB2FD90B8600AC806E /* CreatorsApp.swift */ = {isa = PBXFileReference; lastKnownFileType = sourcecode.swift; path = CreatorsApp.swift; sourceTree = "<group>"; };
		9FAA74CD2FD90B8600AC806E /* ContentView.swift */ = {isa = PBXFileReference; lastKnownFileType = sourcecode.swift; path = ContentView.swift; sourceTree = "<group>"; };
		9FAA74CF2FD90B8900AC806E /* Assets.xcassets */ = {isa = PBXFileReference; lastKnownFileType = folder.assetcatalog; path = Assets.xcassets; sourceTree = "<group>"; };
		9FAA74D22FD90B8900AC806E /* Preview Assets.xcassets */ = {isa = PBXFileReference; lastKnownFileType = folder.assetcatalog; path = "Preview Assets.xcassets"; sourceTree = "<group>"; };
/* End PBXFileReference section */

/* Begin PBXFrameworksBuildPhase section */
		9FAA74C52FD90B8600AC806E /* Frameworks */ = {
			isa = PBXFrameworksBuildPhase;
			buildActionMask = 2147483647;
			files = (
			);
			runOnlyForDeploymentPostprocessing = 0;
		};
/* End PBXFrameworksBuildPhase section */

/* Begin PBXGroup section */
		846193A02FD9DC1E00642AD1 /* Services */ = {
			isa = PBXGroup;
			children = (
				846193A12FD9DC3500642AD1 /* PostService.swift */,
				846193A32FD9DCEF00642AD1 /* FolderService.swift */,
			);
			path = Services;
			sourceTree = "<group>";
		};
		846193A92FD9EC7D00642AD1 /* IA */ = {
			isa = PBXGroup;
			children = (
				846193AA2FD9ED0E00642AD1 /* AgenticAction.swift */,
				846193AC2FD9ED1B00642AD1 /* AgenticService.swift */,
			);
			path = IA;
			sourceTree = "<group>";
		};
		8492EF732FD8A0610053B995 /* Models */ = {
			isa = PBXGroup;
			children = (
				8492EF7C2FD8B78D0053B995 /* Plataform.swift */,
				8492EF7E2FD8B90C0053B995 /* PostStatus.swift */,
			);
			path = Models;
			sourceTree = "<group>";
		};
		8492EF742FD8A06A0053B995 /* Views */ = {
			isa = PBXGroup;
			children = (
				8492EF802FD8BDFF0053B995 /* CreatePostView.swift */,
				8461939A2FD9C67B00642AD1 /* FolderListView.swift */,
				8461939C2FD9C93C00642AD1 /* FolderFormView.swift */,
				846193A52FD9EBBA00642AD1 /* WeekCalendarView.swift */,
				846193AE2FD9F01A00642AD1 /* HomeView.swift */,
				846193B02FD9F03E00642AD1 /* ProjectView.swift */,
				846193B22FD9F60B00642AD1 /* PostListView.swift */,
				9FAA74CD2FD90B8600AC806E /* ContentView.swift */,
				846193B42FD9F6C800642AD1 /* NewPostView.swift */,
			);
			path = Views;
			sourceTree = "<group>";
		};
		8492EF752FD8A0710053B995 /* ViewModel */ = {
			isa = PBXGroup;
			children = (
				8461939E2FD9D7F800642AD1 /* PostFormViewModel.swift */,
				846193A72FD9EC7400642AD1 /* FolderFormViewModel.swift */,
			);
			path = ViewModel;
			sourceTree = "<group>";
		};
		8492EF762FD8A3000053B995 /* CoreData */ = {
			isa = PBXGroup;
			children = (
				8492EF772FD8A33D0053B995 /* FourCreators.xcdatamodeld */,
				8492EF7A2FD8AB260053B995 /* PersistenceController.swift */,
			);
			path = CoreData;
			sourceTree = "<group>";
		};
		9FAA74BF2FD90B8600AC806E = {
			isa = PBXGroup;
			children = (
				9FAA74CA2FD90B8600AC806E /* Creators */,
				9FAA74C92FD90B8600AC806E /* Products */,
			);
			sourceTree = "<group>";
		};
		9FAA74C92FD90B8600AC806E /* Products */ = {
			isa = PBXGroup;
			children = (
				9FAA74C82FD90B8600AC806E /* Creators.app */,
			);
			name = Products;
			sourceTree = "<group>";
		};
		9FAA74CA2FD90B8600AC806E /* Creators */ = {
			isa = PBXGroup;
			children = (
				846193A92FD9EC7D00642AD1 /* IA */,
				846193A02FD9DC1E00642AD1 /* Services */,
				8492EF762FD8A3000053B995 /* CoreData */,
				8492EF752FD8A0710053B995 /* ViewModel */,
				8492EF742FD8A06A0053B995 /* Views */,
				8492EF732FD8A0610053B995 /* Models */,
				9FAA74CB2FD90B8600AC806E /* CreatorsApp.swift */,
				9FAA74CF2FD90B8900AC806E /* Assets.xcassets */,
				9FAA74D12FD90B8900AC806E /* Preview Content */,
			);
			path = Creators;
			sourceTree = "<group>";
		};
		9FAA74D12FD90B8900AC806E /* Preview Content */ = {
			isa = PBXGroup;
			children = (
				9FAA74D22FD90B8900AC806E /* Preview Assets.xcassets */,
			);
			path = "Preview Content";
			sourceTree = "<group>";
		};
/* End PBXGroup section */

/* Begin PBXNativeTarget section */
		9FAA74C72FD90B8600AC806E /* Creators */ = {
			isa = PBXNativeTarget;
			buildConfigurationList = 9FAA74D62FD90B8900AC806E /* Build configuration list for PBXNativeTarget "Creators" */;
			buildPhases = (
				9FAA74C42FD90B8600AC806E /* Sources */,
				9FAA74C52FD90B8600AC806E /* Frameworks */,
				9FAA74C62FD90B8600AC806E /* Resources */,
			);
			buildRules = (
			);
			dependencies = (
			);
			name = Creators;
			productName = Creators;
			productReference = 9FAA74C82FD90B8600AC806E /* Creators.app */;
			productType = "com.apple.product-type.application";
		};
/* End PBXNativeTarget section */

/* Begin PBXProject section */
		9FAA74C02FD90B8600AC806E /* Project object */ = {
			isa = PBXProject;
			attributes = {
				BuildIndependentTargetsInParallel = 1;
				LastSwiftUpdateCheck = 1320;
				LastUpgradeCheck = 1320;
				TargetAttributes = {
					9FAA74C72FD90B8600AC806E = {
						CreatedOnToolsVersion = 13.2.1;
					};
				};
			};
			buildConfigurationList = 9FAA74C32FD90B8600AC806E /* Build configuration list for PBXProject "Creators" */;
			compatibilityVersion = "Xcode 13.0";
			developmentRegion = en;
			hasScannedForEncodings = 0;
			knownRegions = (
				en,
				Base,
			);
			mainGroup = 9FAA74BF2FD90B8600AC806E;
			productRefGroup = 9FAA74C92FD90B8600AC806E /* Products */;
			projectDirPath = "";
			projectRoot = "";
			targets = (
				9FAA74C72FD90B8600AC806E /* Creators */,
			);
		};
/* End PBXProject section */

/* Begin PBXResourcesBuildPhase section */
		9FAA74C62FD90B8600AC806E /* Resources */ = {
			isa = PBXResourcesBuildPhase;
			buildActionMask = 2147483647;
			files = (
				9FAA74D32FD90B8900AC806E /* Preview Assets.xcassets in Resources */,
				9FAA74D02FD90B8900AC806E /* Assets.xcassets in Resources */,
			);
			runOnlyForDeploymentPostprocessing = 0;
		};
/* End PBXResourcesBuildPhase section */

/* Begin PBXSourcesBuildPhase section */
		9FAA74C42FD90B8600AC806E /* Sources */ = {
			isa = PBXSourcesBuildPhase;
			buildActionMask = 2147483647;
			files = (
				846193A82FD9EC7400642AD1 /* FolderFormViewModel.swift in Sources */,
				8492EF792FD8A33D0053B995 /* FourCreators.xcdatamodeld in Sources */,
				8461939D2FD9C93C00642AD1 /* FolderFormView.swift in Sources */,
				8492EF812FD8BDFF0053B995 /* CreatePostView.swift in Sources */,
				8461939B2FD9C67B00642AD1 /* FolderListView.swift in Sources */,
				846193AF2FD9F01A00642AD1 /* HomeView.swift in Sources */,
				846193B12FD9F03E00642AD1 /* ProjectView.swift in Sources */,
				8492EF7F2FD8B90C0053B995 /* PostStatus.swift in Sources */,
				846193AB2FD9ED0E00642AD1 /* AgenticAction.swift in Sources */,
				846193B32FD9F60B00642AD1 /* PostListView.swift in Sources */,
				846193A62FD9EBBA00642AD1 /* WeekCalendarView.swift in Sources */,
				846193A22FD9DC3500642AD1 /* PostService.swift in Sources */,
				8492EF7D2FD8B78D0053B995 /* Plataform.swift in Sources */,
				846193A42FD9DCEF00642AD1 /* FolderService.swift in Sources */,
				846193AD2FD9ED1B00642AD1 /* AgenticService.swift in Sources */,
				8461939F2FD9D7F800642AD1 /* PostFormViewModel.swift in Sources */,
				9FAA74CE2FD90B8600AC806E /* ContentView.swift in Sources */,
				9FAA74CC2FD90B8600AC806E /* CreatorsApp.swift in Sources */,
				8492EF7B2FD8AB260053B995 /* PersistenceController.swift in Sources */,
				846193B52FD9F6C800642AD1 /* NewPostView.swift in Sources */,
			);
			runOnlyForDeploymentPostprocessing = 0;
		};
/* End PBXSourcesBuildPhase section */

/* Begin XCBuildConfiguration section */
		9FAA74D42FD90B8900AC806E /* Debug */ = {
			isa = XCBuildConfiguration;
			buildSettings = {
				ALWAYS_SEARCH_USER_PATHS = NO;
				CLANG_ANALYZER_NONNULL = YES;
				CLANG_ANALYZER_NUMBER_OBJECT_CONVERSION = YES_AGGRESSIVE;
				CLANG_CXX_LANGUAGE_STANDARD = "gnu++17";
				CLANG_CXX_LIBRARY = "libc++";
				CLANG_ENABLE_MODULES = YES;
				CLANG_ENABLE_OBJC_ARC = YES;
				CLANG_ENABLE_OBJC_WEAK = YES;
				CLANG_WARN_BLOCK_CAPTURE_AUTORELEASING = YES;
				CLANG_WARN_BOOL_CONVERSION = YES;
				CLANG_WARN_COMMA = YES;
				CLANG_WARN_CONSTANT_CONVERSION = YES;
				CLANG_WARN_DEPRECATED_OBJC_IMPLEMENTATIONS = YES;
				CLANG_WARN_DIRECT_OBJC_ISA_USAGE = YES_ERROR;
				CLANG_WARN_DOCUMENTATION_COMMENTS = YES;
				CLANG_WARN_EMPTY_BODY = YES;
				CLANG_WARN_ENUM_CONVERSION = YES;
				CLANG_WARN_INFINITE_RECURSION = YES;
				CLANG_WARN_INT_CONVERSION = YES;
				CLANG_WARN_NON_LITERAL_NULL_CONVERSION = YES;
				CLANG_WARN_OBJC_IMPLICIT_RETAIN_SELF = YES;
				CLANG_WARN_OBJC_LITERAL_CONVERSION = YES;
				CLANG_WARN_OBJC_ROOT_CLASS = YES_ERROR;
				CLANG_WARN_QUOTED_INCLUDE_IN_FRAMEWORK_HEADER = YES;
				CLANG_WARN_RANGE_LOOP_ANALYSIS = YES;
				CLANG_WARN_STRICT_PROTOTYPES = YES;
				CLANG_WARN_SUSPICIOUS_MOVE = YES;
				CLANG_WARN_UNGUARDED_AVAILABILITY = YES_AGGRESSIVE;
				CLANG_WARN_UNREACHABLE_CODE = YES;
				CLANG_WARN__DUPLICATE_METHOD_MATCH = YES;
				COPY_PHASE_STRIP = NO;
				DEBUG_INFORMATION_FORMAT = dwarf;
				ENABLE_STRICT_OBJC_MSGSEND = YES;
				ENABLE_TESTABILITY = YES;
				GCC_C_LANGUAGE_STANDARD = gnu11;
				GCC_DYNAMIC_NO_PIC = NO;
				GCC_NO_COMMON_BLOCKS = YES;
				GCC_OPTIMIZATION_LEVEL = 0;
				GCC_PREPROCESSOR_DEFINITIONS = (
					"DEBUG=1",
					"$(inherited)",
				);
				GCC_WARN_64_TO_32_BIT_CONVERSION = YES;
				GCC_WARN_ABOUT_RETURN_TYPE = YES_ERROR;
				GCC_WARN_UNDECLARED_SELECTOR = YES;
				GCC_WARN_UNINITIALIZED_AUTOS = YES_AGGRESSIVE;
				GCC_WARN_UNUSED_FUNCTION = YES;
				GCC_WARN_UNUSED_VARIABLE = YES;
				IPHONEOS_DEPLOYMENT_TARGET = 15.2;
				MTL_ENABLE_DEBUG_INFO = INCLUDE_SOURCE;
				MTL_FAST_MATH = YES;
				ONLY_ACTIVE_ARCH = YES;
				SDKROOT = iphoneos;
				SWIFT_ACTIVE_COMPILATION_CONDITIONS = DEBUG;
				SWIFT_OPTIMIZATION_LEVEL = "-Onone";
			};
			name = Debug;
		};
		9FAA74D52FD90B8900AC806E /* Release */ = {
			isa = XCBuildConfiguration;
			buildSettings = {
				ALWAYS_SEARCH_USER_PATHS = NO;
				CLANG_ANALYZER_NONNULL = YES;
				CLANG_ANALYZER_NUMBER_OBJECT_CONVERSION = YES_AGGRESSIVE;
				CLANG_CXX_LANGUAGE_STANDARD = "gnu++17";
				CLANG_CXX_LIBRARY = "libc++";
				CLANG_ENABLE_MODULES = YES;
				CLANG_ENABLE_OBJC_ARC = YES;
				CLANG_ENABLE_OBJC_WEAK = YES;
				CLANG_WARN_BLOCK_CAPTURE_AUTORELEASING = YES;
				CLANG_WARN_BOOL_CONVERSION = YES;
				CLANG_WARN_COMMA = YES;
				CLANG_WARN_CONSTANT_CONVERSION = YES;
				CLANG_WARN_DEPRECATED_OBJC_IMPLEMENTATIONS = YES;
				CLANG_WARN_DIRECT_OBJC_ISA_USAGE = YES_ERROR;
				CLANG_WARN_DOCUMENTATION_COMMENTS = YES;
				CLANG_WARN_EMPTY_BODY = YES;
				CLANG_WARN_ENUM_CONVERSION = YES;
				CLANG_WARN_INFINITE_RECURSION = YES;
				CLANG_WARN_INT_CONVERSION = YES;
				CLANG_WARN_NON_LITERAL_NULL_CONVERSION = YES;
				CLANG_WARN_OBJC_IMPLICIT_RETAIN_SELF = YES;
				CLANG_WARN_OBJC_LITERAL_CONVERSION = YES;
				CLANG_WARN_OBJC_ROOT_CLASS = YES_ERROR;
				CLANG_WARN_QUOTED_INCLUDE_IN_FRAMEWORK_HEADER = YES;
				CLANG_WARN_RANGE_LOOP_ANALYSIS = YES;
				CLANG_WARN_STRICT_PROTOTYPES = YES;
				CLANG_WARN_SUSPICIOUS_MOVE = YES;
				CLANG_WARN_UNGUARDED_AVAILABILITY = YES_AGGRESSIVE;
				CLANG_WARN_UNREACHABLE_CODE = YES;
				CLANG_WARN__DUPLICATE_METHOD_MATCH = YES;
				COPY_PHASE_STRIP = NO;
				DEBUG_INFORMATION_FORMAT = "dwarf-with-dsym";
				ENABLE_NS_ASSERTIONS = NO;
				ENABLE_STRICT_OBJC_MSGSEND = YES;
				GCC_C_LANGUAGE_STANDARD = gnu11;
				GCC_NO_COMMON_BLOCKS = YES;
				GCC_WARN_64_TO_32_BIT_CONVERSION = YES;
				GCC_WARN_ABOUT_RETURN_TYPE = YES_ERROR;
				GCC_WARN_UNDECLARED_SELECTOR = YES;
				GCC_WARN_UNINITIALIZED_AUTOS = YES_AGGRESSIVE;
				GCC_WARN_UNUSED_FUNCTION = YES;
				GCC_WARN_UNUSED_VARIABLE = YES;
				IPHONEOS_DEPLOYMENT_TARGET = 15.2;
				MTL_ENABLE_DEBUG_INFO = NO;
				MTL_FAST_MATH = YES;
				SDKROOT = iphoneos;
				SWIFT_COMPILATION_MODE = wholemodule;
				SWIFT_OPTIMIZATION_LEVEL = "-O";
				VALIDATE_PRODUCT = YES;
			};
			name = Release;
		};
		9FAA74D72FD90B8900AC806E /* Debug */ = {
			isa = XCBuildConfiguration;
			buildSettings = {
				ASSETCATALOG_COMPILER_APPICON_NAME = AppIcon;
				ASSETCATALOG_COMPILER_GLOBAL_ACCENT_COLOR_NAME = AccentColor;
				CODE_SIGN_STYLE = Automatic;
				CURRENT_PROJECT_VERSION = 1;
				DEVELOPMENT_ASSET_PATHS = "\"Creators/Preview Content\"";
				ENABLE_PREVIEWS = YES;
				GENERATE_INFOPLIST_FILE = YES;
				INFOPLIST_KEY_UIApplicationSceneManifest_Generation = YES;
				INFOPLIST_KEY_UIApplicationSupportsIndirectInputEvents = YES;
				INFOPLIST_KEY_UILaunchScreen_Generation = YES;
				INFOPLIST_KEY_UISupportedInterfaceOrientations_iPad = "UIInterfaceOrientationPortrait UIInterfaceOrientationPortraitUpsideDown UIInterfaceOrientationLandscapeLeft UIInterfaceOrientationLandscapeRight";
				INFOPLIST_KEY_UISupportedInterfaceOrientations_iPhone = "UIInterfaceOrientationPortrait UIInterfaceOrientationLandscapeLeft UIInterfaceOrientationLandscapeRight";
				LD_RUNPATH_SEARCH_PATHS = (
					"$(inherited)",
					"@executable_path/Frameworks",
				);
				MARKETING_VERSION = 1.0;
				PRODUCT_BUNDLE_IDENTIFIER = iza.Creators;
				PRODUCT_NAME = "$(TARGET_NAME)";
				SWIFT_EMIT_LOC_STRINGS = YES;
				SWIFT_VERSION = 5.0;
				TARGETED_DEVICE_FAMILY = "1,2";
			};
			name = Debug;
		};
		9FAA74D82FD90B8900AC806E /* Release */ = {
			isa = XCBuildConfiguration;
			buildSettings = {
				ASSETCATALOG_COMPILER_APPICON_NAME = AppIcon;
				ASSETCATALOG_COMPILER_GLOBAL_ACCENT_COLOR_NAME = AccentColor;
				CODE_SIGN_STYLE = Automatic;
				CURRENT_PROJECT_VERSION = 1;
				DEVELOPMENT_ASSET_PATHS = "\"Creators/Preview Content\"";
				ENABLE_PREVIEWS = YES;
				GENERATE_INFOPLIST_FILE = YES;
				INFOPLIST_KEY_UIApplicationSceneManifest_Generation = YES;
				INFOPLIST_KEY_UIApplicationSupportsIndirectInputEvents = YES;
				INFOPLIST_KEY_UILaunchScreen_Generation = YES;
				INFOPLIST_KEY_UISupportedInterfaceOrientations_iPad = "UIInterfaceOrientationPortrait UIInterfaceOrientationPortraitUpsideDown UIInterfaceOrientationLandscapeLeft UIInterfaceOrientationLandscapeRight";
				INFOPLIST_KEY_UISupportedInterfaceOrientations_iPhone = "UIInterfaceOrientationPortrait UIInterfaceOrientationLandscapeLeft UIInterfaceOrientationLandscapeRight";
				LD_RUNPATH_SEARCH_PATHS = (
					"$(inherited)",
					"@executable_path/Frameworks",
				);
				MARKETING_VERSION = 1.0;
				PRODUCT_BUNDLE_IDENTIFIER = iza.Creators;
				PRODUCT_NAME = "$(TARGET_NAME)";
				SWIFT_EMIT_LOC_STRINGS = YES;
				SWIFT_VERSION = 5.0;
				TARGETED_DEVICE_FAMILY = "1,2";
			};
			name = Release;
		};
/* End XCBuildConfiguration section */

/* Begin XCConfigurationList section */
		9FAA74C32FD90B8600AC806E /* Build configuration list for PBXProject "Creators" */ = {
			isa = XCConfigurationList;
			buildConfigurations = (
				9FAA74D42FD90B8900AC806E /* Debug */,
				9FAA74D52FD90B8900AC806E /* Release */,
			);
			defaultConfigurationIsVisible = 0;
			defaultConfigurationName = Release;
		};
		9FAA74D62FD90B8900AC806E /* Build configuration list for PBXNativeTarget "Creators" */ = {
			isa = XCConfigurationList;
			buildConfigurations = (
				9FAA74D72FD90B8900AC806E /* Debug */,
				9FAA74D82FD90B8900AC806E /* Release */,
			);
			defaultConfigurationIsVisible = 0;
			defaultConfigurationName = Release;
		};
/* End XCConfigurationList section */

/* Begin XCVersionGroup section */
		8492EF772FD8A33D0053B995 /* FourCreators.xcdatamodeld */ = {
			isa = XCVersionGroup;
			children = (
				8492EF782FD8A33D0053B995 /* FourCreators.xcdatamodel */,
			);
			currentVersion = 8492EF782FD8A33D0053B995 /* FourCreators.xcdatamodel */;
			path = FourCreators.xcdatamodeld;
			sourceTree = "<group>";
			versionGroupType = wrapper.xcdatamodel;
		};
/* End XCVersionGroup section */
	};
	rootObject = 9FAA74C02FD90B8600AC806E /* Project object */;
}
